// !$*UTF8*$!
{
	archiveVersion = 1;
	classes = {
	};
	objectVersion = 48;
	objects = {

/* Begin PBXBuildFile section */
		3D75A11E1F21778400678E94 /* AppDelegate.swift in Sources */ = {isa = PBXBuildFile; fileRef = 3D75A11D1F21778400678E94 /* AppDelegate.swift */; };
		3D75A1231F21778400678E94 /* Main.storyboard in Resources */ = {isa = PBXBuildFile; fileRef = 3D75A1211F21778400678E94 /* Main.storyboard */; };
		3D75A1251F21778400678E94 /* Assets.xcassets in Resources */ = {isa = PBXBuildFile; fileRef = 3D75A1241F21778400678E94 /* Assets.xcassets */; };
		3D75A1281F21778400678E94 /* LaunchScreen.storyboard in Resources */ = {isa = PBXBuildFile; fileRef = 3D75A1261F21778400678E94 /* LaunchScreen.storyboard */; };
		3D75A1341F21A0C600678E94 /* TableViewController.swift in Sources */ = {isa = PBXBuildFile; fileRef = 3D75A1331F21A0C600678E94 /* TableViewController.swift */; };
		3D75A13A1F226E9200678E94 /* DogViewController.swift in Sources */ = {isa = PBXBuildFile; fileRef = 3D75A1391F226E9200678E94 /* DogViewController.swift */; };
/* End PBXBuildFile section */

/* Begin PBXFileReference section */
		3D75A11A1F21778400678E94 /* iOS11RedesignExample.app */ = {isa = PBXFileReference; explicitFileType = wrapper.application; includeInIndex = 0; path = iOS11RedesignExample.app; sourceTree = BUILT_PRODUCTS_DIR; };
		3D75A11D1F21778400678E94 /* AppDelegate.swift */ = {isa = PBXFileReference; lastKnownFileType = sourcecode.swift; path = AppDelegate.swift; sourceTree = "<group>"; };
		3D75A1221F21778400678E94 /* Base */ = {isa = PBXFileReference; lastKnownFileType = file.storyboard; name = Base; path = Base.lproj/Main.storyboard; sourceTree = "<group>"; };
		3D75A1241F21778400678E94 /* Assets.xcassets */ = {isa = PBXFileReference; lastKnownFileType = folder.assetcatalog; path = Assets.xcassets; sourceTree = "<group>"; };
		3D75A1271F21778400678E94 /* Base */ = {isa = PBXFileReference; lastKnownFileType = file.storyboard; name = Base; path = Base.lproj/LaunchScreen.storyboard; sourceTree = "<group>"; };
		3D75A1291F21778400678E94 /* Info.plist */ = {isa = PBXFileReference; lastKnownFileType = text.plist.xml; path = Info.plist; sourceTree = "<group>"; };
		3D75A1331F21A0C600678E94 /* TableViewController.swift */ = {isa = PBXFileReference; lastKnownFileType = sourcecode.swift; path = TableViewController.swift; sourceTree = "<group>"; };
		3D75A1391F226E9200678E94 /* DogViewController.swift */ = {isa = PBXFileReference; lastKnownFileType = sourcecode.swift; path = DogViewController.swift; sourceTree = "<group>"; };
/* End PBXFileReference section */

/* Begin PBXFrameworksBuildPhase section */
		3D75A1171F21778400678E94 /* Frameworks */ = {
			isa = PBXFrameworksBuildPhase;
			buildActionMask = 2147483647;
			files = (
			);
			runOnlyForDeploymentPostprocessing = 0;
		};
/* End PBXFrameworksBuildPhase section */

/* Begin PBXGroup section */
		3D75A1111F21778400678E94 = {
			isa = PBXGroup;
			children = (
				3D75A11C1F21778400678E94 /* iOS11RedesignExample */,
				3D75A11B1F21778400678E94 /* Products */,
			);
			sourceTree = "<group>";
		};
		3D75A11B1F21778400678E94 /* Products */ = {
			isa = PBXGroup;
			children = (
				3D75A11A1F21778400678E94 /* iOS11RedesignExample.app */,
			);
			name = Products;
			sourceTree = "<group>";
		};
		3D75A11C1F21778400678E94 /* iOS11RedesignExample */ = {
			isa = PBXGroup;
			children = (
				3D75A11D1F21778400678E94 /* AppDelegate.swift */,
				3D75A1211F21778400678E94 /* Main.storyboard */,
				3D75A1391F226E9200678E94 /* DogViewController.swift */,
				3D75A1331F21A0C600678E94 /* TableViewController.swift */,
				3D75A1241F21778400678E94 /* Assets.xcassets */,
				3D75A1261F21778400678E94 /* LaunchScreen.storyboard */,
				3D75A1291F21778400678E94 /* Info.plist */,
			);
			path = iOS11RedesignExample;
			sourceTree = "<group>";
		};
/* End PBXGroup section */

/* Begin PBXNativeTarget section */
		3D75A1191F21778400678E94 /* iOS11RedesignExample */ = {
			isa = PBXNativeTarget;
			buildConfigurationList = 3D75A12C1F21778400678E94 /* Build configuration list for PBXNativeTarget "iOS11RedesignExample" */;
			buildPhases = (
				3D75A1161F21778400678E94 /* Sources */,
				3D75A1171F21778400678E94 /* Frameworks */,
				3D75A1181F21778400678E94 /* Resources */,
			);
			buildRules = (
			);
			dependencies = (
			);
			name = iOS11RedesignExample;
			productName = DEVPUCTutorial;
			productReference = 3D75A11A1F21778400678E94 /* iOS11RedesignExample.app */;
			productType = "com.apple.product-type.application";
		};
/* End PBXNativeTarget section */

/* Begin PBXProject section */
		3D75A1121F21778400678E94 /* Project object */ = {
			isa = PBXProject;
			attributes = {
				LastSwiftUpdateCheck = 0900;
				LastUpgradeCheck = 0900;
				TargetAttributes = {
					3D75A1191F21778400678E94 = {
						CreatedOnToolsVersion = 9.0;
					};
				};
			};
			buildConfigurationList = 3D75A1151F21778400678E94 /* Build configuration list for PBXProject "iOS11RedesignExample" */;
			compatibilityVersion = "Xcode 8.0";
			developmentRegion = en;
			hasScannedForEncodings = 0;
			knownRegions = (
				en,
				Base,
			);
			mainGroup = 3D75A1111F21778400678E94;
			productRefGroup = 3D75A11B1F21778400678E94 /* Products */;
			projectDirPath = "";
			projectRoot = "";
			targets = (
				3D75A1191F21778400678E94 /* iOS11RedesignExample */,
			);
		};
/* End PBXProject section */

/* Begin PBXResourcesBuildPhase section */
		3D75A1181F21778400678E94 /* Resources */ = {
			isa = PBXResourcesBuildPhase;
			buildActionMask = 2147483647;
			files = (
				3D75A1281F21778400678E94 /* LaunchScreen.storyboard in Resources */,
				3D75A1251F21778400678E94 /* Assets.xcassets in Resources */,
				3D75A1231F21778400678E94 /* Main.storyboard in Resources */,
			);
			runOnlyForDeploymentPostprocessing = 0;
		};
/* End PBXResourcesBuildPhase section */

/* Begin PBXSourcesBuildPhase section */
		3D75A1161F21778400678E94 /* Sources */ = {
			isa = PBXSourcesBuildPhase;
			buildActionMask = 2147483647;
			files = (
				3D75A11E1F21778400678E94 /* AppDelegate.swift in Sources */,
				3D75A13A1F226E9200678E94 /* DogViewController.swift in Sources */,
				3D75A1341F21A0C600678E94 /* TableViewController.swift in Sources */,
			);
			runOnlyForDeploymentPostprocessing = 0;
		};
/* End PBXSourcesBuildPhase section */

/* Begin PBXVariantGroup section */
		3D75A1211F21778400678E94 /* Main.storyboard */ = {
			isa = PBXVariantGroup;
			children = (
				3D75A1221F21778400678E94 /* Base */,
			);
			name = Main.storyboard;
			sourceTree = "<group>";
		};
		3D75A1261F21778400678E94 /* LaunchScreen.storyboard */ = {
			isa = PBXVariantGroup;
			children = (
				3D75A1271F21778400678E94 /* Base */,
			);
			name = LaunchScreen.storyboard;
			sourceTree = "<group>";
		};
/* End PBXVariantGroup section */

/* Begin XCBuildConfiguration section */
		3D75A12A1F21778400678E94 /* Debug */ = {
			isa = XCBuildConfiguration;
			buildSettings = {
				ALWAYS_SEARCH_USER_PATHS = NO;
				CLANG_ANALYZER_NONNULL = YES;
				CLANG_ANALYZER_NUMBER_OBJECT_CONVERSION = YES_AGGRESSIVE;
				CLANG_CXX_LANGUAGE_STANDARD = "gnu++14";
				CLANG_CXX_LIBRARY = "libc++";
				CLANG_ENABLE_MODULES = YES;
				CLANG_ENABLE_OBJC_ARC = YES;
				CLANG_WARN_BLOCK_CAPTURE_AUTORELEASING = YES;
				CLANG_WARN_BOOL_CONVERSION = YES;
				CLANG_WARN_COMMA = YES;
				CLANG_WARN_CONSTANT_CONVERSION = YES;
				CLANG_WARN_DIRECT_OBJC_ISA_USAGE = YES_ERROR;
				CLANG_WARN_DOCUMENTATION_COMMENTS = YES;
				CLANG_WARN_EMPTY_BODY = YES;
				CLANG_WARN_ENUM_CONVERSION = YES;
				CLANG_WARN_INFINITE_RECURSION = YES;
				CLANG_WARN_INT_CONVERSION = YES;
				CLANG_WARN_NON_LITERAL_NULL_CONVERSION = YES;
				CLANG_WARN_OBJC_LITERAL_CONVERSION = YES;
				CLANG_WARN_OBJC_ROOT_CLASS = YES_ERROR;
				CLANG_WARN_RANGE_LOOP_ANALYSIS = YES;
				CLANG_WARN_STRICT_PROTOTYPES = YES;
				CLANG_WARN_SUSPICIOUS_MOVE = YES;
				CLANG_WARN_UNGUARDED_AVAILABILITY = YES_AGGRESSIVE;
				CLANG_WARN_UNREACHABLE_CODE = YES;
				CLANG_WARN__DUPLICATE_METHOD_MATCH = YES;
				CODE_SIGN_IDENTITY = "iPhone Developer";
				COPY_PHASE_STRIP = NO;
				DEBUG_INFORMATION_FORMAT = dwarf;
				ENABLE_STRICT_OBJC_MSGSEND = YES;
				ENABLE_TESTABILITY = YES;
				GCC_C_LANGUAGE_STANDARD = gnu11;
				GCC_DYNAMIC_NO_PIC = NO;
				GCC_NO_COMMON_BLOCKS = YES;
				GCC_OPTIMIZATION_LEVEL = 0;
				GCC_PREPROCESSOR_DEFINITIONS = (
					"DEBUG=1",
					"$(inherited)",
				);
				GCC_WARN_64_TO_32_BIT_CONVERSION = YES;
				GCC_WARN_ABOUT_RETURN_TYPE = YES_ERROR;
				GCC_WARN_UNDECLARED_SELECTOR = YES;
				GCC_WARN_UNINITIALIZED_AUTOS = YES_AGGRESSIVE;
				GCC_WARN_UNUSED_FUNCTION = YES;
				GCC_WARN_UNUSED_VARIABLE = YES;
				IPHONEOS_DEPLOYMENT_TARGET = 11.0;
				MTL_ENABLE_DEBUG_INFO = YES;
				ONLY_ACTIVE_ARCH = YES;
				SDKROOT = iphoneos;
				SWIFT_ACTIVE_COMPILATION_CONDITIONS = DEBUG;
				SWIFT_OPTIMIZATION_LEVEL = "-Onone";
			};
			name = Debug;
		};
		3D75A12B1F21778400678E94 /* Release */ = {
			isa = XCBuildConfiguration;
			buildSettings = {
				ALWAYS_SEARCH_USER_PATHS = NO;
				CLANG_ANALYZER_NONNULL = YES;
				CLANG_ANALYZER_NUMBER_OBJECT_CONVERSION = YES_AGGRESSIVE;
				CLANG_CXX_LANGUAGE_STANDARD = "gnu++14";
				CLANG_CXX_LIBRARY = "libc++";
				CLANG_ENABLE_MODULES = YES;
				CLANG_ENABLE_OBJC_ARC = YES;
				CLANG_WARN_BLOCK_CAPTURE_AUTORELEASING = YES;
				CLANG_WARN_BOOL_CONVERSION = YES;
				CLANG_WARN_COMMA = YES;
				CLANG_WARN_CONSTANT_CONVERSION = YES;
				CLANG_WARN_DIRECT_OBJC_ISA_USAGE = YES_ERROR;
				CLANG_WARN_DOCUMENTATION_COMMENTS = YES;
				CLANG_WARN_EMPTY_BODY = YES;
				CLANG_WARN_ENUM_CONVERSION = YES;
				CLANG_WARN_INFINITE_RECURSION = YES;
				CLANG_WARN_INT_CONVERSION = YES;
				CLANG_WARN_NON_LITERAL_NULL_CONVERSION = YES;
				CLANG_WARN_OBJC_LITERAL_CONVERSION = YES;
				CLANG_WARN_OBJC_ROOT_CLASS = YES_ERROR;
				CLANG_WARN_RANGE_LOOP_ANALYSIS = YES;
				CLANG_WARN_STRICT_PROTOTYPES = YES;
				CLANG_WARN_SUSPICIOUS_MOVE = YES;
				CLANG_WARN_UNGUARDED_AVAILABILITY = YES_AGGRESSIVE;
				CLANG_WARN_UNREACHABLE_CODE = YES;
				CLANG_WARN__DUPLICATE_METHOD_MATCH = YES;
				CODE_SIGN_IDENTITY = "iPhone Developer";
				COPY_PHASE_STRIP = NO;
				DEBUG_INFORMATION_FORMAT = "dwarf-with-dsym";
				ENABLE_NS_ASSERTIONS = NO;
				ENABLE_STRICT_OBJC_MSGSEND = YES;
				GCC_C_LANGUAGE_STANDARD = gnu11;
				GCC_NO_COMMON_BLOCKS = YES;
				GCC_WARN_64_TO_32_BIT_CONVERSION = YES;
				GCC_WARN_ABOUT_RETURN_TYPE = YES_ERROR;
				GCC_WARN_UNDECLARED_SELECTOR = YES;
				GCC_WARN_UNINITIALIZED_AUTOS = YES_AGGRESSIVE;
				GCC_WARN_UNUSED_FUNCTION = YES;
				GCC_WARN_UNUSED_VARIABLE = YES;
				IPHONEOS_DEPLOYMENT_TARGET = 11.0;
				MTL_ENABLE_DEBUG_INFO = NO;
				SDKROOT = iphoneos;
				SWIFT_OPTIMIZATION_LEVEL = "-Owholemodule";
				VALIDATE_PRODUCT = YES;
			};
			name = Release;
		};
		3D75A12D1F21778400678E94 /* Debug */ = {
			isa = XCBuildConfiguration;
			buildSettings = {
				ASSETCATALOG_COMPILER_APPICON_NAME = AppIcon;
				DEVELOPMENT_TEAM = 6PMD3Q4LVK;
				INFOPLIST_FILE = "$(SRCROOT)/iOS11RedesignExample/Info.plist";
				LD_RUNPATH_SEARCH_PATHS = "$(inherited) @executable_path/Frameworks";
				PRODUCT_BUNDLE_IDENTIFIER = LucasFerraco.DEVPUCTutorial;
				PRODUCT_NAME = "$(TARGET_NAME)";
				SWIFT_VERSION = 4.0;
				TARGETED_DEVICE_FAMILY = "1,2";
			};
			name = Debug;
		};
		3D75A12E1F21778400678E94 /* Release */ = {
			isa = XCBuildConfiguration;
			buildSettings = {
				ASSETCATALOG_COMPILER_APPICON_NAME = AppIcon;
				DEVELOPMENT_TEAM = 6PMD3Q4LVK;
				INFOPLIST_FILE = "$(SRCROOT)/iOS11RedesignExample/Info.plist";
				LD_RUNPATH_SEARCH_PATHS = "$(inherited) @executable_path/Frameworks";
				PRODUCT_BUNDLE_IDENTIFIER = LucasFerraco.DEVPUCTutorial;
				PRODUCT_NAME = "$(TARGET_NAME)";
				SWIFT_VERSION = 4.0;
				TARGETED_DEVICE_FAMILY = "1,2";
			};
			name = Release;
		};
/* End XCBuildConfiguration section */

/* Begin XCConfigurationList section */
		3D75A1151F21778400678E94 /* Build configuration list for PBXProject "iOS11RedesignExample" */ = {
			isa = XCConfigurationList;
			buildConfigurations = (
				3D75A12A1F21778400678E94 /* Debug */,
				3D75A12B1F21778400678E94 /* Release */,
			);
			defaultConfigurationIsVisible = 0;
			defaultConfigurationName = Release;
		};
		3D75A12C1F21778400678E94 /* Build configuration list for PBXNativeTarget "iOS11RedesignExample" */ = {
			isa = XCConfigurationList;
			buildConfigurations = (
				3D75A12D1F21778400678E94 /* Debug */,
				3D75A12E1F21778400678E94 /* Release */,
			);
			defaultConfigurationIsVisible = 0;
			defaultConfigurationName = Release;
		};
/* End XCConfigurationList section */
	};
	rootObject = 3D75A1121F21778400678E94 /* Project object */;
}
